
Microsoft Visual Studio Solution File, Format Version 12.00
# Visual Studio Version 16
VisualStudioVersion = 16.0.31129.286
MinimumVisualStudioVersion = 10.0.40219.1
Project("{9A19103F-16F7-4668-BE54-9A1E7A4F7556}") = "OnlineShopWebApp", "OnlineShopWebApp\OnlineShopWebApp.csproj", "{7D9A104E-4243-4CC8-A6CD-054B2297A8CB}"
EndProject
Project("{FAE04EC0-301F-11D3-BF4B-00C04F79EFBC}") = "OnlineShop.Db", "OnlineShopDb\OnlineShop.Db.csproj", "{54A3ED68-1CBE-4F16-B35F-7A869A865A0D}"
EndProject
Global
	GlobalSection(SolutionConfigurationPlatforms) = preSolution
		Debug|Any CPU = Debug|Any CPU
		Release|Any CPU = Release|Any CPU
	EndGlobalSection
	GlobalSection(ProjectConfigurationPlatforms) = postSolution
		{7D9A104E-4243-4CC8-A6CD-054B2297A8CB}.Debug|Any CPU.ActiveCfg = Debug|Any CPU
		{7D9A104E-4243-4CC8-A6CD-054B2297A8CB}.Debug|Any CPU.Build.0 = Debug|Any CPU
		{7D9A104E-4243-4CC8-A6CD-054B2297A8CB}.Release|Any CPU.ActiveCfg = Release|Any CPU
		{7D9A104E-4243-4CC8-A6CD-054B2297A8CB}.Release|Any CPU.Build.0 = Release|Any CPU
		{54A3ED68-1CBE-4F16-B35F-7A869A865A0D}.Debug|Any CPU.ActiveCfg = Debug|Any CPU
		{54A3ED68-1CBE-4F16-B35F-7A869A865A0D}.Debug|Any CPU.Build.0 = Debug|Any CPU
		{54A3ED68-1CBE-4F16-B35F-7A869A865A0D}.Release|Any CPU.ActiveCfg = Release|Any CPU
		{54A3ED68-1CBE-4F16-B35F-7A869A865A0D}.Release|Any CPU.Build.0 = Release|Any CPU
	EndGlobalSection
	GlobalSection(SolutionProperties) = preSolution
		HideSolutionNode = FALSE
	EndGlobalSection
	GlobalSection(ExtensibilityGlobals) = postSolution
		SolutionGuid = {F029F9D0-4B85-4AAF-A8FA-0A894A3569BD}
	EndGlobalSection
EndGlobal
